// !$*UTF8*$!
{
	archiveVersion = 1;
	classes = {
	};
	objectVersion = 77;
	objects = {

/* Begin PBXBuildFile section */
		182100AA2F15AF2A00E3E0B0 /* AppDelegate.swift in Sources */ = {isa = PBXBuildFile; fileRef = 182100A92F15AF2A00E3E0B0 /* AppDelegate.swift */; };
		182100AC2F15AF2A00E3E0B0 /* SceneDelegate.swift in Sources */ = {isa = PBXBuildFile; fileRef = 182100AB2F15AF2A00E3E0B0 /* SceneDelegate.swift */; };
		182100AF2F15AF2A00E3E0B0 /* LaunchScreen.storyboard in Resources */ = {isa = PBXBuildFile; fileRef = 182100AD2F15AF2A00E3E0B0 /* LaunchScreen.storyboard */; };
		182100B22F15AF2A00E3E0B0 /* Main.storyboard in Resources */ = {isa = PBXBuildFile; fileRef = 182100B02F15AF2A00E3E0B0 /* Main.storyboard */; };
		182100BB2F15AF2A00E3E0B0 /* AppDelegate.swift in Sources */ = {isa = PBXBuildFile; fileRef = 182100BA2F15AF2A00E3E0B0 /* AppDelegate.swift */; };
		182100BE2F15AF2A00E3E0B0 /* Main.storyboard in Resources */ = {isa = PBXBuildFile; fileRef = 182100BC2F15AF2A00E3E0B0 /* Main.storyboard */; };
		182100C52F15AF2A00E3E0B0 /* Assistant Extension.appex in Embed Foundation Extensions */ = {isa = PBXBuildFile; fileRef = 182100C42F15AF2A00E3E0B0 /* Assistant Extension.appex */; settings = {ATTRIBUTES = (RemoveHeadersOnCopy, ); }; };
		182100CF2F15AF2A00E3E0B0 /* Assistant Extension.appex in Embed Foundation Extensions */ = {isa = PBXBuildFile; fileRef = 182100CE2F15AF2A00E3E0B0 /* Assistant Extension.appex */; settings = {ATTRIBUTES = (RemoveHeadersOnCopy, ); }; };
		182100D42F15AF2A00E3E0B0 /* Main.html in Resources */ = {isa = PBXBuildFile; fileRef = 182100992F15AF2900E3E0B0 /* Main.html */; };
		182100D52F15AF2A00E3E0B0 /* Main.html in Resources */ = {isa = PBXBuildFile; fileRef = 182100992F15AF2900E3E0B0 /* Main.html */; };
		182100D62F15AF2A00E3E0B0 /* Icon.png in Resources */ = {isa = PBXBuildFile; fileRef = 1821009B2F15AF2900E3E0B0 /* Icon.png */; };
		182100D72F15AF2A00E3E0B0 /* Icon.png in Resources */ = {isa = PBXBuildFile; fileRef = 1821009B2F15AF2900E3E0B0 /* Icon.png */; };
		182100D82F15AF2A00E3E0B0 /* Style.css in Resources */ = {isa = PBXBuildFile; fileRef = 1821009C2F15AF2900E3E0B0 /* Style.css */; };
		182100D92F15AF2A00E3E0B0 /* Style.css in Resources */ = {isa = PBXBuildFile; fileRef = 1821009C2F15AF2900E3E0B0 /* Style.css */; };
		182100DA2F15AF2A00E3E0B0 /* Script.js in Resources */ = {isa = PBXBuildFile; fileRef = 1821009D2F15AF2900E3E0B0 /* Script.js */; };
		182100DB2F15AF2A00E3E0B0 /* Script.js in Resources */ = {isa = PBXBuildFile; fileRef = 1821009D2F15AF2900E3E0B0 /* Script.js */; };
		182100DC2F15AF2A00E3E0B0 /* ViewController.swift in Sources */ = {isa = PBXBuildFile; fileRef = 1821009E2F15AF2900E3E0B0 /* ViewController.swift */; };
		182100DD2F15AF2A00E3E0B0 /* ViewController.swift in Sources */ = {isa = PBXBuildFile; fileRef = 1821009E2F15AF2900E3E0B0 /* ViewController.swift */; };
		182100DE2F15AF2A00E3E0B0 /* Assets.xcassets in Resources */ = {isa = PBXBuildFile; fileRef = 1821009F2F15AF2A00E3E0B0 /* Assets.xcassets */; };
		182100DF2F15AF2A00E3E0B0 /* Assets.xcassets in Resources */ = {isa = PBXBuildFile; fileRef = 1821009F2F15AF2A00E3E0B0 /* Assets.xcassets */; };
		182100E02F15AF2A00E3E0B0 /* SafariWebExtensionHandler.swift in Sources */ = {isa = PBXBuildFile; fileRef = 182100A12F15AF2A00E3E0B0 /* SafariWebExtensionHandler.swift */; };
		182100E12F15AF2A00E3E0B0 /* SafariWebExtensionHandler.swift in Sources */ = {isa = PBXBuildFile; fileRef = 182100A12F15AF2A00E3E0B0 /* SafariWebExtensionHandler.swift */; };
		182101012F15AF2A00E3E0B0 /* background.js in Resources */ = {isa = PBXBuildFile; fileRef = 182100F32F15AF2A00E3E0B0 /* background.js */; };
		182101022F15AF2A00E3E0B0 /* wxt.svg in Resources */ = {isa = PBXBuildFile; fileRef = 182100F42F15AF2A00E3E0B0 /* wxt.svg */; };
		182101032F15AF2A00E3E0B0 /* newtab.html in Resources */ = {isa = PBXBuildFile; fileRef = 182100F52F15AF2A00E3E0B0 /* newtab.html */; };
		182101042F15AF2A00E3E0B0 /* geist-mono in Resources */ = {isa = PBXBuildFile; fileRef = 182100F62F15AF2A00E3E0B0 /* geist-mono */; };
		182101052F15AF2A00E3E0B0 /* chunks in Resources */ = {isa = PBXBuildFile; fileRef = 182100F72F15AF2A00E3E0B0 /* chunks */; };
		182101062F15AF2A00E3E0B0 /* content-scripts in Resources */ = {isa = PBXBuildFile; fileRef = 182100F82F15AF2A00E3E0B0 /* content-scripts */; };
		182101072F15AF2A00E3E0B0 /* geist in Resources */ = {isa = PBXBuildFile; fileRef = 182100F92F15AF2A00E3E0B0 /* geist */; };
		182101082F15AF2A00E3E0B0 /* manifest.json in Resources */ = {isa = PBXBuildFile; fileRef = 182100FA2F15AF2A00E3E0B0 /* manifest.json */; };
		182101092F15AF2A00E3E0B0 /* options.html in Resources */ = {isa = PBXBuildFile; fileRef = 182100FB2F15AF2A00E3E0B0 /* options.html */; };
		1821010A2F15AF2A00E3E0B0 /* sidepanel.html in Resources */ = {isa = PBXBuildFile; fileRef = 182100FD2F15AF2A00E3E0B0 /* sidepanel.html */; };
		1821010B2F15AF2A00E3E0B0 /* icon in Resources */ = {isa = PBXBuildFile; fileRef = 182100FE2F15AF2A00E3E0B0 /* icon */; };
		1821010C2F15AF2A00E3E0B0 /* assets in Resources */ = {isa = PBXBuildFile; fileRef = 182100FF2F15AF2A00E3E0B0 /* assets */; };
		1821010D2F15AF2A00E3E0B0 /* onboarding.html in Resources */ = {isa = PBXBuildFile; fileRef = 182101002F15AF2A00E3E0B0 /* onboarding.html */; };
		1821010E2F15AF2A00E3E0B0 /* background.js in Resources */ = {isa = PBXBuildFile; fileRef = 182100F32F15AF2A00E3E0B0 /* background.js */; };
		1821010F2F15AF2A00E3E0B0 /* wxt.svg in Resources */ = {isa = PBXBuildFile; fileRef = 182100F42F15AF2A00E3E0B0 /* wxt.svg */; };
		182101102F15AF2A00E3E0B0 /* newtab.html in Resources */ = {isa = PBXBuildFile; fileRef = 182100F52F15AF2A00E3E0B0 /* newtab.html */; };
		182101112F15AF2A00E3E0B0 /* geist-mono in Resources */ = {isa = PBXBuildFile; fileRef = 182100F62F15AF2A00E3E0B0 /* geist-mono */; };
		182101122F15AF2A00E3E0B0 /* chunks in Resources */ = {isa = PBXBuildFile; fileRef = 182100F72F15AF2A00E3E0B0 /* chunks */; };
		182101132F15AF2A00E3E0B0 /* content-scripts in Resources */ = {isa = PBXBuildFile; fileRef = 182100F82F15AF2A00E3E0B0 /* content-scripts */; };
		182101142F15AF2A00E3E0B0 /* geist in Resources */ = {isa = PBXBuildFile; fileRef = 182100F92F15AF2A00E3E0B0 /* geist */; };
		182101152F15AF2A00E3E0B0 /* manifest.json in Resources */ = {isa = PBXBuildFile; fileRef = 182100FA2F15AF2A00E3E0B0 /* manifest.json */; };
		182101162F15AF2A00E3E0B0 /* options.html in Resources */ = {isa = PBXBuildFile; fileRef = 182100FB2F15AF2A00E3E0B0 /* options.html */; };
		182101172F15AF2A00E3E0B0 /* sidepanel.html in Resources */ = {isa = PBXBuildFile; fileRef = 182100FD2F15AF2A00E3E0B0 /* sidepanel.html */; };
		182101182F15AF2A00E3E0B0 /* icon in Resources */ = {isa = PBXBuildFile; fileRef = 182100FE2F15AF2A00E3E0B0 /* icon */; };
		182101192F15AF2A00E3E0B0 /* assets in Resources */ = {isa = PBXBuildFile; fileRef = 182100FF2F15AF2A00E3E0B0 /* assets */; };
		1821011A2F15AF2A00E3E0B0 /* onboarding.html in Resources */ = {isa = PBXBuildFile; fileRef = 182101002F15AF2A00E3E0B0 /* onboarding.html */; };
/* End PBXBuildFile section */

/* Begin PBXContainerItemProxy section */
		182100C62F15AF2A00E3E0B0 /* PBXContainerItemProxy */ = {
			isa = PBXContainerItemProxy;
			containerPortal = 182100932F15AF2900E3E0B0 /* Project object */;
			proxyType = 1;
			remoteGlobalIDString = 182100C32F15AF2A00E3E0B0;
			remoteInfo = "Assistant Extension (iOS)";
		};
		182100D02F15AF2A00E3E0B0 /* PBXContainerItemProxy */ = {
			isa = PBXContainerItemProxy;
			containerPortal = 182100932F15AF2900E3E0B0 /* Project object */;
			proxyType = 1;
			remoteGlobalIDString = 182100CD2F15AF2A00E3E0B0;
			remoteInfo = "Assistant Extension (macOS)";
		};
/* End PBXContainerItemProxy section */

/* Begin PBXCopyFilesBuildPhase section */
		182100E72F15AF2A00E3E0B0 /* Embed Foundation Extensions */ = {
			isa = PBXCopyFilesBuildPhase;
			buildActionMask = 2147483647;
			dstPath = "";
			dstSubfolderSpec = 13;
			files = (
				182100C52F15AF2A00E3E0B0 /* Assistant Extension.appex in Embed Foundation Extensions */,
			);
			name = "Embed Foundation Extensions";
			runOnlyForDeploymentPostprocessing = 0;
		};
		182100EE2F15AF2A00E3E0B0 /* Embed Foundation Extensions */ = {
			isa = PBXCopyFilesBuildPhase;
			buildActionMask = 2147483647;
			dstPath = "";
			dstSubfolderSpec = 13;
			files = (
				182100CF2F15AF2A00E3E0B0 /* Assistant Extension.appex in Embed Foundation Extensions */,
			);
			name = "Embed Foundation Extensions";
			runOnlyForDeploymentPostprocessing = 0;
		};
/* End PBXCopyFilesBuildPhase section */

/* Begin PBXFileReference section */
		1821009A2F15AF2900E3E0B0 /* Base */ = {isa = PBXFileReference; lastKnownFileType = text.html; name = Base; path = Base.lproj/Main.html; sourceTree = "<group>"; };
		1821009B2F15AF2900E3E0B0 /* Icon.png */ = {isa = PBXFileReference; lastKnownFileType = image.png; path = Icon.png; sourceTree = "<group>"; };
		1821009C2F15AF2900E3E0B0 /* Style.css */ = {isa = PBXFileReference; lastKnownFileType = text.css; path = Style.css; sourceTree = "<group>"; };
		1821009D2F15AF2900E3E0B0 /* Script.js */ = {isa = PBXFileReference; lastKnownFileType = sourcecode.javascript; path = Script.js; sourceTree = "<group>"; };
		1821009E2F15AF2900E3E0B0 /* ViewController.swift */ = {isa = PBXFileReference; lastKnownFileType = sourcecode.swift; path = ViewController.swift; sourceTree = "<group>"; };
		1821009F2F15AF2A00E3E0B0 /* Assets.xcassets */ = {isa = PBXFileReference; lastKnownFileType = folder.assetcatalog; path = Assets.xcassets; sourceTree = "<group>"; };
		182100A12F15AF2A00E3E0B0 /* SafariWebExtensionHandler.swift */ = {isa = PBXFileReference; lastKnownFileType = sourcecode.swift; path = SafariWebExtensionHandler.swift; sourceTree = "<group>"; };
		182100A62F15AF2A00E3E0B0 /* Assistant.app */ = {isa = PBXFileReference; explicitFileType = wrapper.application; includeInIndex = 0; path = Assistant.app; sourceTree = BUILT_PRODUCTS_DIR; };
		182100A92F15AF2A00E3E0B0 /* AppDelegate.swift */ = {isa = PBXFileReference; lastKnownFileType = sourcecode.swift; path = AppDelegate.swift; sourceTree = "<group>"; };
		182100AB2F15AF2A00E3E0B0 /* SceneDelegate.swift */ = {isa = PBXFileReference; lastKnownFileType = sourcecode.swift; path = SceneDelegate.swift; sourceTree = "<group>"; };
		182100AE2F15AF2A00E3E0B0 /* Base */ = {isa = PBXFileReference; lastKnownFileType = file.storyboard; name = Base; path = Base.lproj/LaunchScreen.storyboard; sourceTree = "<group>"; };
		182100B12F15AF2A00E3E0B0 /* Base */ = {isa = PBXFileReference; lastKnownFileType = file.storyboard; name = Base; path = Base.lproj/Main.storyboard; sourceTree = "<group>"; };
		182100B32F15AF2A00E3E0B0 /* Info.plist */ = {isa = PBXFileReference; lastKnownFileType = text.plist.xml; path = Info.plist; sourceTree = "<group>"; };
		182100B82F15AF2A00E3E0B0 /* Assistant.app */ = {isa = PBXFileReference; explicitFileType = wrapper.application; includeInIndex = 0; path = Assistant.app; sourceTree = BUILT_PRODUCTS_DIR; };
		182100BA2F15AF2A00E3E0B0 /* AppDelegate.swift */ = {isa = PBXFileReference; lastKnownFileType = sourcecode.swift; path = AppDelegate.swift; sourceTree = "<group>"; };
		182100BD2F15AF2A00E3E0B0 /* Base */ = {isa = PBXFileReference; lastKnownFileType = file.storyboard; name = Base; path = Base.lproj/Main.storyboard; sourceTree = "<group>"; };
		182100BF2F15AF2A00E3E0B0 /* Info.plist */ = {isa = PBXFileReference; lastKnownFileType = text.plist.xml; path = Info.plist; sourceTree = "<group>"; };
		182100C42F15AF2A00E3E0B0 /* Assistant Extension.appex */ = {isa = PBXFileReference; explicitFileType = "wrapper.app-extension"; includeInIndex = 0; path = "Assistant Extension.appex"; sourceTree = BUILT_PRODUCTS_DIR; };
		182100C92F15AF2A00E3E0B0 /* Info.plist */ = {isa = PBXFileReference; lastKnownFileType = text.plist.xml; path = Info.plist; sourceTree = "<group>"; };
		182100CE2F15AF2A00E3E0B0 /* Assistant Extension.appex */ = {isa = PBXFileReference; explicitFileType = "wrapper.app-extension"; includeInIndex = 0; path = "Assistant Extension.appex"; sourceTree = BUILT_PRODUCTS_DIR; };
		182100D32F15AF2A00E3E0B0 /* Info.plist */ = {isa = PBXFileReference; lastKnownFileType = text.plist.xml; path = Info.plist; sourceTree = "<group>"; };
		182100F32F15AF2A00E3E0B0 /* background.js */ = {isa = PBXFileReference; lastKnownFileType = sourcecode.javascript; name = background.js; path = "../../../dist/safari-mv2/background.js"; sourceTree = "<group>"; };
		182100F42F15AF2A00E3E0B0 /* wxt.svg */ = {isa = PBXFileReference; lastKnownFileType = text; name = wxt.svg; path = "../../../dist/safari-mv2/wxt.svg"; sourceTree = "<group>"; };
		182100F52F15AF2A00E3E0B0 /* newtab.html */ = {isa = PBXFileReference; lastKnownFileType = text.html; name = newtab.html; path = "../../../dist/safari-mv2/newtab.html"; sourceTree = "<group>"; };
		182100F62F15AF2A00E3E0B0 /* geist-mono */ = {isa = PBXFileReference; lastKnownFileType = folder; name = "geist-mono"; path = "../../../dist/safari-mv2/geist-mono"; sourceTree = "<group>"; };
		182100F72F15AF2A00E3E0B0 /* chunks */ = {isa = PBXFileReference; lastKnownFileType = folder; name = chunks; path = "../../../dist/safari-mv2/chunks"; sourceTree = "<group>"; };
		182100F82F15AF2A00E3E0B0 /* content-scripts */ = {isa = PBXFileReference; lastKnownFileType = folder; name = "content-scripts"; path = "../../../dist/safari-mv2/content-scripts"; sourceTree = "<group>"; };
		182100F92F15AF2A00E3E0B0 /* geist */ = {isa = PBXFileReference; lastKnownFileType = folder; name = geist; path = "../../../dist/safari-mv2/geist"; sourceTree = "<group>"; };
		182100FA2F15AF2A00E3E0B0 /* manifest.json */ = {isa = PBXFileReference; lastKnownFileType = text.json; name = manifest.json; path = "../../../dist/safari-mv2/manifest.json"; sourceTree = "<group>"; };
		182100FB2F15AF2A00E3E0B0 /* options.html */ = {isa = PBXFileReference; lastKnownFileType = text.html; name = options.html; path = "../../../dist/safari-mv2/options.html"; sourceTree = "<group>"; };
		182100FC2F15AF2A00E3E0B0 /* background.js.map */ = {isa = PBXFileReference; lastKnownFileType = "sourcecode.module-map"; name = background.js.map; path = "../../../dist/safari-mv2/background.js.map"; sourceTree = "<group>"; };
		182100FD2F15AF2A00E3E0B0 /* sidepanel.html */ = {isa = PBXFileReference; lastKnownFileType = text.html; name = sidepanel.html; path = "../../../dist/safari-mv2/sidepanel.html"; sourceTree = "<group>"; };
		182100FE2F15AF2A00E3E0B0 /* icon */ = {isa = PBXFileReference; lastKnownFileType = folder; name = icon; path = "../../../dist/safari-mv2/icon"; sourceTree = "<group>"; };
		182100FF2F15AF2A00E3E0B0 /* assets */ = {isa = PBXFileReference; lastKnownFileType = folder; name = assets; path = "../../../dist/safari-mv2/assets"; sourceTree = "<group>"; };
		182101002F15AF2A00E3E0B0 /* onboarding.html */ = {isa = PBXFileReference; lastKnownFileType = text.html; name = onboarding.html; path = "../../../dist/safari-mv2/onboarding.html"; sourceTree = "<group>"; };
/* End PBXFileReference section */

/* Begin PBXFrameworksBuildPhase section */
		182100A32F15AF2A00E3E0B0 /* Frameworks */ = {
			isa = PBXFrameworksBuildPhase;
			buildActionMask = 2147483647;
			files = (
			);
			runOnlyForDeploymentPostprocessing = 0;
		};
		182100B52F15AF2A00E3E0B0 /* Frameworks */ = {
			isa = PBXFrameworksBuildPhase;
			buildActionMask = 2147483647;
			files = (
			);
			runOnlyForDeploymentPostprocessing = 0;
		};
		182100C12F15AF2A00E3E0B0 /* Frameworks */ = {
			isa = PBXFrameworksBuildPhase;
			buildActionMask = 2147483647;
			files = (
			);
			runOnlyForDeploymentPostprocessing = 0;
		};
		182100CB2F15AF2A00E3E0B0 /* Frameworks */ = {
			isa = PBXFrameworksBuildPhase;
			buildActionMask = 2147483647;
			files = (
			);
			runOnlyForDeploymentPostprocessing = 0;
		};
/* End PBXFrameworksBuildPhase section */

/* Begin PBXGroup section */
		182100922F15AF2900E3E0B0 = {
			isa = PBXGroup;
			children = (
				182100972F15AF2900E3E0B0 /* Shared (App) */,
				182100A02F15AF2A00E3E0B0 /* Shared (Extension) */,
				182100A82F15AF2A00E3E0B0 /* iOS (App) */,
				182100B92F15AF2A00E3E0B0 /* macOS (App) */,
				182100C82F15AF2A00E3E0B0 /* iOS (Extension) */,
				182100D22F15AF2A00E3E0B0 /* macOS (Extension) */,
				182100A72F15AF2A00E3E0B0 /* Products */,
			);
			sourceTree = "<group>";
		};
		182100972F15AF2900E3E0B0 /* Shared (App) */ = {
			isa = PBXGroup;
			children = (
				1821009E2F15AF2900E3E0B0 /* ViewController.swift */,
				1821009F2F15AF2A00E3E0B0 /* Assets.xcassets */,
				182100982F15AF2900E3E0B0 /* Resources */,
			);
			path = "Shared (App)";
			sourceTree = "<group>";
		};
		182100982F15AF2900E3E0B0 /* Resources */ = {
			isa = PBXGroup;
			children = (
				182100992F15AF2900E3E0B0 /* Main.html */,
				1821009B2F15AF2900E3E0B0 /* Icon.png */,
				1821009C2F15AF2900E3E0B0 /* Style.css */,
				1821009D2F15AF2900E3E0B0 /* Script.js */,
			);
			path = Resources;
			sourceTree = "<group>";
		};
		182100A02F15AF2A00E3E0B0 /* Shared (Extension) */ = {
			isa = PBXGroup;
			children = (
				182100F22F15AF2A00E3E0B0 /* Resources */,
				182100A12F15AF2A00E3E0B0 /* SafariWebExtensionHandler.swift */,
			);
			path = "Shared (Extension)";
			sourceTree = "<group>";
		};
		182100A72F15AF2A00E3E0B0 /* Products */ = {
			isa = PBXGroup;
			children = (
				182100A62F15AF2A00E3E0B0 /* Assistant.app */,
				182100B82F15AF2A00E3E0B0 /* Assistant.app */,
				182100C42F15AF2A00E3E0B0 /* Assistant Extension.appex */,
				182100CE2F15AF2A00E3E0B0 /* Assistant Extension.appex */,
			);
			name = Products;
			sourceTree = "<group>";
		};
		182100A82F15AF2A00E3E0B0 /* iOS (App) */ = {
			isa = PBXGroup;
			children = (
				182100A92F15AF2A00E3E0B0 /* AppDelegate.swift */,
				182100AB2F15AF2A00E3E0B0 /* SceneDelegate.swift */,
				182100AD2F15AF2A00E3E0B0 /* LaunchScreen.storyboard */,
				182100B02F15AF2A00E3E0B0 /* Main.storyboard */,
				182100B32F15AF2A00E3E0B0 /* Info.plist */,
			);
			path = "iOS (App)";
			sourceTree = "<group>";
		};
		182100B92F15AF2A00E3E0B0 /* macOS (App) */ = {
			isa = PBXGroup;
			children = (
				182100BA2F15AF2A00E3E0B0 /* AppDelegate.swift */,
				182100BC2F15AF2A00E3E0B0 /* Main.storyboard */,
				182100BF2F15AF2A00E3E0B0 /* Info.plist */,
			);
			path = "macOS (App)";
			sourceTree = "<group>";
		};
		182100C82F15AF2A00E3E0B0 /* iOS (Extension) */ = {
			isa = PBXGroup;
			children = (
				182100C92F15AF2A00E3E0B0 /* Info.plist */,
			);
			path = "iOS (Extension)";
			sourceTree = "<group>";
		};
		182100D22F15AF2A00E3E0B0 /* macOS (Extension) */ = {
			isa = PBXGroup;
			children = (
				182100D32F15AF2A00E3E0B0 /* Info.plist */,
			);
			path = "macOS (Extension)";
			sourceTree = "<group>";
		};
		182100F22F15AF2A00E3E0B0 /* Resources */ = {
			isa = PBXGroup;
			children = (
				182100F32F15AF2A00E3E0B0 /* background.js */,
				182100F42F15AF2A00E3E0B0 /* wxt.svg */,
				182100F52F15AF2A00E3E0B0 /* newtab.html */,
				182100F62F15AF2A00E3E0B0 /* geist-mono */,
				182100F72F15AF2A00E3E0B0 /* chunks */,
				182100F82F15AF2A00E3E0B0 /* content-scripts */,
				182100F92F15AF2A00E3E0B0 /* geist */,
				182100FA2F15AF2A00E3E0B0 /* manifest.json */,
				182100FB2F15AF2A00E3E0B0 /* options.html */,
				182100FC2F15AF2A00E3E0B0 /* background.js.map */,
				182100FD2F15AF2A00E3E0B0 /* sidepanel.html */,
				182100FE2F15AF2A00E3E0B0 /* icon */,
				182100FF2F15AF2A00E3E0B0 /* assets */,
				182101002F15AF2A00E3E0B0 /* onboarding.html */,
			);
			name = Resources;
			path = "Shared (Extension)";
			sourceTree = SOURCE_ROOT;
		};
/* End PBXGroup section */

/* Begin PBXNativeTarget section */
		182100A52F15AF2A00E3E0B0 /* Assistant (iOS) */ = {
			isa = PBXNativeTarget;
			buildConfigurationList = 182100E82F15AF2A00E3E0B0 /* Build configuration list for PBXNativeTarget "Assistant (iOS)" */;
			buildPhases = (
				182100A22F15AF2A00E3E0B0 /* Sources */,
				182100A32F15AF2A00E3E0B0 /* Frameworks */,
				182100A42F15AF2A00E3E0B0 /* Resources */,
				182100E72F15AF2A00E3E0B0 /* Embed Foundation Extensions */,
			);
			buildRules = (
			);
			dependencies = (
				182100C72F15AF2A00E3E0B0 /* PBXTargetDependency */,
			);
			name = "Assistant (iOS)";
			packageProductDependencies = (
			);
			productName = "Assistant (iOS)";
			productReference = 182100A62F15AF2A00E3E0B0 /* Assistant.app */;
			productType = "com.apple.product-type.application";
		};
		182100B72F15AF2A00E3E0B0 /* Assistant (macOS) */ = {
			isa = PBXNativeTarget;
			buildConfigurationList = 182100EF2F15AF2A00E3E0B0 /* Build configuration list for PBXNativeTarget "Assistant (macOS)" */;
			buildPhases = (
				182100B42F15AF2A00E3E0B0 /* Sources */,
				182100B52F15AF2A00E3E0B0 /* Frameworks */,
				182100B62F15AF2A00E3E0B0 /* Resources */,
				182100EE2F15AF2A00E3E0B0 /* Embed Foundation Extensions */,
			);
			buildRules = (
			);
			dependencies = (
				182100D12F15AF2A00E3E0B0 /* PBXTargetDependency */,
			);
			name = "Assistant (macOS)";
			packageProductDependencies = (
			);
			productName = "Assistant (macOS)";
			productReference = 182100B82F15AF2A00E3E0B0 /* Assistant.app */;
			productType = "com.apple.product-type.application";
		};
		182100C32F15AF2A00E3E0B0 /* Assistant Extension (iOS) */ = {
			isa = PBXNativeTarget;
			buildConfigurationList = 182100E42F15AF2A00E3E0B0 /* Build configuration list for PBXNativeTarget "Assistant Extension (iOS)" */;
			buildPhases = (
				182100C02F15AF2A00E3E0B0 /* Sources */,
				182100C12F15AF2A00E3E0B0 /* Frameworks */,
				182100C22F15AF2A00E3E0B0 /* Resources */,
			);
			buildRules = (
			);
			dependencies = (
			);
			name = "Assistant Extension (iOS)";
			packageProductDependencies = (
			);
			productName = "Assistant Extension (iOS)";
			productReference = 182100C42F15AF2A00E3E0B0 /* Assistant Extension.appex */;
			productType = "com.apple.product-type.app-extension";
		};
		182100CD2F15AF2A00E3E0B0 /* Assistant Extension (macOS) */ = {
			isa = PBXNativeTarget;
			buildConfigurationList = 182100EB2F15AF2A00E3E0B0 /* Build configuration list for PBXNativeTarget "Assistant Extension (macOS)" */;
			buildPhases = (
				182100CA2F15AF2A00E3E0B0 /* Sources */,
				182100CB2F15AF2A00E3E0B0 /* Frameworks */,
				182100CC2F15AF2A00E3E0B0 /* Resources */,
			);
			buildRules = (
			);
			dependencies = (
			);
			name = "Assistant Extension (macOS)";
			packageProductDependencies = (
			);
			productName = "Assistant Extension (macOS)";
			productReference = 182100CE2F15AF2A00E3E0B0 /* Assistant Extension.appex */;
			productType = "com.apple.product-type.app-extension";
		};
/* End PBXNativeTarget section */

/* Begin PBXProject section */
		182100932F15AF2900E3E0B0 /* Project object */ = {
			isa = PBXProject;
			attributes = {
				BuildIndependentTargetsInParallel = 1;
				LastSwiftUpdateCheck = 2620;
				LastUpgradeCheck = 2620;
				TargetAttributes = {
					182100A52F15AF2A00E3E0B0 = {
						CreatedOnToolsVersion = 26.2;
					};
					182100B72F15AF2A00E3E0B0 = {
						CreatedOnToolsVersion = 26.2;
					};
					182100C32F15AF2A00E3E0B0 = {
						CreatedOnToolsVersion = 26.2;
					};
					182100CD2F15AF2A00E3E0B0 = {
						CreatedOnToolsVersion = 26.2;
					};
				};
			};
			buildConfigurationList = 182100962F15AF2900E3E0B0 /* Build configuration list for PBXProject "Assistant" */;
			developmentRegion = en;
			hasScannedForEncodings = 0;
			knownRegions = (
				en,
				Base,
			);
			mainGroup = 182100922F15AF2900E3E0B0;
			minimizedProjectReferenceProxies = 1;
			preferredProjectObjectVersion = 77;
			productRefGroup = 182100A72F15AF2A00E3E0B0 /* Products */;
			projectDirPath = "";
			projectRoot = "";
			targets = (
				182100A52F15AF2A00E3E0B0 /* Assistant (iOS) */,
				182100B72F15AF2A00E3E0B0 /* Assistant (macOS) */,
				182100C32F15AF2A00E3E0B0 /* Assistant Extension (iOS) */,
				182100CD2F15AF2A00E3E0B0 /* Assistant Extension (macOS) */,
			);
		};
/* End PBXProject section */

/* Begin PBXResourcesBuildPhase section */
		182100A42F15AF2A00E3E0B0 /* Resources */ = {
			isa = PBXResourcesBuildPhase;
			buildActionMask = 2147483647;
			files = (
				182100D62F15AF2A00E3E0B0 /* Icon.png in Resources */,
				182100AF2F15AF2A00E3E0B0 /* LaunchScreen.storyboard in Resources */,
				182100D42F15AF2A00E3E0B0 /* Main.html in Resources */,
				182100DA2F15AF2A00E3E0B0 /* Script.js in Resources */,
				182100DE2F15AF2A00E3E0B0 /* Assets.xcassets in Resources */,
				182100B22F15AF2A00E3E0B0 /* Main.storyboard in Resources */,
				182100D82F15AF2A00E3E0B0 /* Style.css in Resources */,
			);
			runOnlyForDeploymentPostprocessing = 0;
		};
		182100B62F15AF2A00E3E0B0 /* Resources */ = {
			isa = PBXResourcesBuildPhase;
			buildActionMask = 2147483647;
			files = (
				182100D72F15AF2A00E3E0B0 /* Icon.png in Resources */,
				182100D92F15AF2A00E3E0B0 /* Style.css in Resources */,
				182100BE2F15AF2A00E3E0B0 /* Main.storyboard in Resources */,
				182100DB2F15AF2A00E3E0B0 /* Script.js in Resources */,
				182100DF2F15AF2A00E3E0B0 /* Assets.xcassets in Resources */,
				182100D52F15AF2A00E3E0B0 /* Main.html in Resources */,
			);
			runOnlyForDeploymentPostprocessing = 0;
		};
		182100C22F15AF2A00E3E0B0 /* Resources */ = {
			isa = PBXResourcesBuildPhase;
			buildActionMask = 2147483647;
			files = (
				182101122F15AF2A00E3E0B0 /* chunks in Resources */,
				182101132F15AF2A00E3E0B0 /* content-scripts in Resources */,
				1821011A2F15AF2A00E3E0B0 /* onboarding.html in Resources */,
				182101112F15AF2A00E3E0B0 /* geist-mono in Resources */,
				1821010F2F15AF2A00E3E0B0 /* wxt.svg in Resources */,
				182101152F15AF2A00E3E0B0 /* manifest.json in Resources */,
				182101182F15AF2A00E3E0B0 /* icon in Resources */,
				182101102F15AF2A00E3E0B0 /* newtab.html in Resources */,
				1821010E2F15AF2A00E3E0B0 /* background.js in Resources */,
				182101142F15AF2A00E3E0B0 /* geist in Resources */,
				182101192F15AF2A00E3E0B0 /* assets in Resources */,
				182101172F15AF2A00E3E0B0 /* sidepanel.html in Resources */,
				182101162F15AF2A00E3E0B0 /* options.html in Resources */,
			);
			runOnlyForDeploymentPostprocessing = 0;
		};
		182100CC2F15AF2A00E3E0B0 /* Resources */ = {
			isa = PBXResourcesBuildPhase;
			buildActionMask = 2147483647;
			files = (
				182101052F15AF2A00E3E0B0 /* chunks in Resources */,
				182101062F15AF2A00E3E0B0 /* content-scripts in Resources */,
				1821010D2F15AF2A00E3E0B0 /* onboarding.html in Resources */,
				182101042F15AF2A00E3E0B0 /* geist-mono in Resources */,
				182101022F15AF2A00E3E0B0 /* wxt.svg in Resources */,
				182101082F15AF2A00E3E0B0 /* manifest.json in Resources */,
				1821010B2F15AF2A00E3E0B0 /* icon in Resources */,
				182101032F15AF2A00E3E0B0 /* newtab.html in Resources */,
				182101012F15AF2A00E3E0B0 /* background.js in Resources */,
				182101072F15AF2A00E3E0B0 /* geist in Resources */,
				1821010C2F15AF2A00E3E0B0 /* assets in Resources */,
				1821010A2F15AF2A00E3E0B0 /* sidepanel.html in Resources */,
				182101092F15AF2A00E3E0B0 /* options.html in Resources */,
			);
			runOnlyForDeploymentPostprocessing = 0;
		};
/* End PBXResourcesBuildPhase section */

/* Begin PBXSourcesBuildPhase section */
		182100A22F15AF2A00E3E0B0 /* Sources */ = {
			isa = PBXSourcesBuildPhase;
			buildActionMask = 2147483647;
			files = (
				182100DC2F15AF2A00E3E0B0 /* ViewController.swift in Sources */,
				182100AA2F15AF2A00E3E0B0 /* AppDelegate.swift in Sources */,
				182100AC2F15AF2A00E3E0B0 /* SceneDelegate.swift in Sources */,
			);
			runOnlyForDeploymentPostprocessing = 0;
		};
		182100B42F15AF2A00E3E0B0 /* Sources */ = {
			isa = PBXSourcesBuildPhase;
			buildActionMask = 2147483647;
			files = (
				182100DD2F15AF2A00E3E0B0 /* ViewController.swift in Sources */,
				182100BB2F15AF2A00E3E0B0 /* AppDelegate.swift in Sources */,
			);
			runOnlyForDeploymentPostprocessing = 0;
		};
		182100C02F15AF2A00E3E0B0 /* Sources */ = {
			isa = PBXSourcesBuildPhase;
			buildActionMask = 2147483647;
			files = (
				182100E02F15AF2A00E3E0B0 /* SafariWebExtensionHandler.swift in Sources */,
			);
			runOnlyForDeploymentPostprocessing = 0;
		};
		182100CA2F15AF2A00E3E0B0 /* Sources */ = {
			isa = PBXSourcesBuildPhase;
			buildActionMask = 2147483647;
			files = (
				182100E12F15AF2A00E3E0B0 /* SafariWebExtensionHandler.swift in Sources */,
			);
			runOnlyForDeploymentPostprocessing = 0;
		};
/* End PBXSourcesBuildPhase section */

/* Begin PBXTargetDependency section */
		182100C72F15AF2A00E3E0B0 /* PBXTargetDependency */ = {
			isa = PBXTargetDependency;
			target = 182100C32F15AF2A00E3E0B0 /* Assistant Extension (iOS) */;
			targetProxy = 182100C62F15AF2A00E3E0B0 /* PBXContainerItemProxy */;
		};
		182100D12F15AF2A00E3E0B0 /* PBXTargetDependency */ = {
			isa = PBXTargetDependency;
			target = 182100CD2F15AF2A00E3E0B0 /* Assistant Extension (macOS) */;
			targetProxy = 182100D02F15AF2A00E3E0B0 /* PBXContainerItemProxy */;
		};
/* End PBXTargetDependency section */

/* Begin PBXVariantGroup section */
		182100992F15AF2900E3E0B0 /* Main.html */ = {
			isa = PBXVariantGroup;
			children = (
				1821009A2F15AF2900E3E0B0 /* Base */,
			);
			name = Main.html;
			sourceTree = "<group>";
		};
		182100AD2F15AF2A00E3E0B0 /* LaunchScreen.storyboard */ = {
			isa = PBXVariantGroup;
			children = (
				182100AE2F15AF2A00E3E0B0 /* Base */,
			);
			name = LaunchScreen.storyboard;
			sourceTree = "<group>";
		};
		182100B02F15AF2A00E3E0B0 /* Main.storyboard */ = {
			isa = PBXVariantGroup;
			children = (
				182100B12F15AF2A00E3E0B0 /* Base */,
			);
			name = Main.storyboard;
			sourceTree = "<group>";
		};
		182100BC2F15AF2A00E3E0B0 /* Main.storyboard */ = {
			isa = PBXVariantGroup;
			children = (
				182100BD2F15AF2A00E3E0B0 /* Base */,
			);
			name = Main.storyboard;
			sourceTree = "<group>";
		};
/* End PBXVariantGroup section */

/* Begin XCBuildConfiguration section */
		182100E22F15AF2A00E3E0B0 /* Debug */ = {
			isa = XCBuildConfiguration;
			buildSettings = {
				ALWAYS_SEARCH_USER_PATHS = NO;
				ASSETCATALOG_COMPILER_GENERATE_SWIFT_ASSET_SYMBOL_EXTENSIONS = YES;
				CLANG_ANALYZER_NONNULL = YES;
				CLANG_ANALYZER_NUMBER_OBJECT_CONVERSION = YES_AGGRESSIVE;
				CLANG_CXX_LANGUAGE_STANDARD = "gnu++20";
				CLANG_ENABLE_MODULES = YES;
				CLANG_ENABLE_OBJC_ARC = YES;
				CLANG_ENABLE_OBJC_WEAK = YES;
				CLANG_WARN_BLOCK_CAPTURE_AUTORELEASING = YES;
				CLANG_WARN_BOOL_CONVERSION = YES;
				CLANG_WARN_COMMA = YES;
				CLANG_WARN_CONSTANT_CONVERSION = YES;
				CLANG_WARN_DEPRECATED_OBJC_IMPLEMENTATIONS = YES;
				CLANG_WARN_DIRECT_OBJC_ISA_USAGE = YES_ERROR;
				CLANG_WARN_DOCUMENTATION_COMMENTS = YES;
				CLANG_WARN_EMPTY_BODY = YES;
				CLANG_WARN_ENUM_CONVERSION = YES;
				CLANG_WARN_INFINITE_RECURSION = YES;
				CLANG_WARN_INT_CONVERSION = YES;
				CLANG_WARN_NON_LITERAL_NULL_CONVERSION = YES;
				CLANG_WARN_OBJC_IMPLICIT_RETAIN_SELF = YES;
				CLANG_WARN_OBJC_LITERAL_CONVERSION = YES;
				CLANG_WARN_OBJC_ROOT_CLASS = YES_ERROR;
				CLANG_WARN_QUOTED_INCLUDE_IN_FRAMEWORK_HEADER = YES;
				CLANG_WARN_RANGE_LOOP_ANALYSIS = YES;
				CLANG_WARN_STRICT_PROTOTYPES = YES;
				CLANG_WARN_SUSPICIOUS_MOVE = YES;
				CLANG_WARN_UNGUARDED_AVAILABILITY = YES_AGGRESSIVE;
				CLANG_WARN_UNREACHABLE_CODE = YES;
				CLANG_WARN__DUPLICATE_METHOD_MATCH = YES;
				COPY_PHASE_STRIP = NO;
				DEBUG_INFORMATION_FORMAT = dwarf;
				ENABLE_STRICT_OBJC_MSGSEND = YES;
				ENABLE_TESTABILITY = YES;
				ENABLE_USER_SCRIPT_SANDBOXING = YES;
				GCC_C_LANGUAGE_STANDARD = gnu17;
				GCC_DYNAMIC_NO_PIC = NO;
				GCC_NO_COMMON_BLOCKS = YES;
				GCC_OPTIMIZATION_LEVEL = 0;
				GCC_PREPROCESSOR_DEFINITIONS = (
					"DEBUG=1",
					"$(inherited)",
				);
				GCC_WARN_64_TO_32_BIT_CONVERSION = YES;
				GCC_WARN_ABOUT_RETURN_TYPE = YES_ERROR;
				GCC_WARN_UNDECLARED_SELECTOR = YES;
				GCC_WARN_UNINITIALIZED_AUTOS = YES_AGGRESSIVE;
				GCC_WARN_UNUSED_FUNCTION = YES;
				GCC_WARN_UNUSED_VARIABLE = YES;
				LOCALIZATION_PREFERS_STRING_CATALOGS = YES;
				MTL_ENABLE_DEBUG_INFO = INCLUDE_SOURCE;
				MTL_FAST_MATH = YES;
				ONLY_ACTIVE_ARCH = YES;
				SWIFT_ACTIVE_COMPILATION_CONDITIONS = "DEBUG $(inherited)";
				SWIFT_OPTIMIZATION_LEVEL = "-Onone";
			};
			name = Debug;
		};
		182100E32F15AF2A00E3E0B0 /* Release */ = {
			isa = XCBuildConfiguration;
			buildSettings = {
				ALWAYS_SEARCH_USER_PATHS = NO;
				ASSETCATALOG_COMPILER_GENERATE_SWIFT_ASSET_SYMBOL_EXTENSIONS = YES;
				CLANG_ANALYZER_NONNULL = YES;
				CLANG_ANALYZER_NUMBER_OBJECT_CONVERSION = YES_AGGRESSIVE;
				CLANG_CXX_LANGUAGE_STANDARD = "gnu++20";
				CLANG_ENABLE_MODULES = YES;
				CLANG_ENABLE_OBJC_ARC = YES;
				CLANG_ENABLE_OBJC_WEAK = YES;
				CLANG_WARN_BLOCK_CAPTURE_AUTORELEASING = YES;
				CLANG_WARN_BOOL_CONVERSION = YES;
				CLANG_WARN_COMMA = YES;
				CLANG_WARN_CONSTANT_CONVERSION = YES;
				CLANG_WARN_DEPRECATED_OBJC_IMPLEMENTATIONS = YES;
				CLANG_WARN_DIRECT_OBJC_ISA_USAGE = YES_ERROR;
				CLANG_WARN_DOCUMENTATION_COMMENTS = YES;
				CLANG_WARN_EMPTY_BODY = YES;
				CLANG_WARN_ENUM_CONVERSION = YES;
				CLANG_WARN_INFINITE_RECURSION = YES;
				CLANG_WARN_INT_CONVERSION = YES;
				CLANG_WARN_NON_LITERAL_NULL_CONVERSION = YES;
				CLANG_WARN_OBJC_IMPLICIT_RETAIN_SELF = YES;
				CLANG_WARN_OBJC_LITERAL_CONVERSION = YES;
				CLANG_WARN_OBJC_ROOT_CLASS = YES_ERROR;
				CLANG_WARN_QUOTED_INCLUDE_IN_FRAMEWORK_HEADER = YES;
				CLANG_WARN_RANGE_LOOP_ANALYSIS = YES;
				CLANG_WARN_STRICT_PROTOTYPES = YES;
				CLANG_WARN_SUSPICIOUS_MOVE = YES;
				CLANG_WARN_UNGUARDED_AVAILABILITY = YES_AGGRESSIVE;
				CLANG_WARN_UNREACHABLE_CODE = YES;
				CLANG_WARN__DUPLICATE_METHOD_MATCH = YES;
				COPY_PHASE_STRIP = NO;
				DEBUG_INFORMATION_FORMAT = "dwarf-with-dsym";
				ENABLE_NS_ASSERTIONS = NO;
				ENABLE_STRICT_OBJC_MSGSEND = YES;
				ENABLE_USER_SCRIPT_SANDBOXING = YES;
				GCC_C_LANGUAGE_STANDARD = gnu17;
				GCC_NO_COMMON_BLOCKS = YES;
				GCC_WARN_64_TO_32_BIT_CONVERSION = YES;
				GCC_WARN_ABOUT_RETURN_TYPE = YES_ERROR;
				GCC_WARN_UNDECLARED_SELECTOR = YES;
				GCC_WARN_UNINITIALIZED_AUTOS = YES_AGGRESSIVE;
				GCC_WARN_UNUSED_FUNCTION = YES;
				GCC_WARN_UNUSED_VARIABLE = YES;
				LOCALIZATION_PREFERS_STRING_CATALOGS = YES;
				MTL_ENABLE_DEBUG_INFO = NO;
				MTL_FAST_MATH = YES;
				SWIFT_COMPILATION_MODE = wholemodule;
			};
			name = Release;
		};
		182100E52F15AF2A00E3E0B0 /* Debug */ = {
			isa = XCBuildConfiguration;
			buildSettings = {
				CODE_SIGN_STYLE = Automatic;
				CURRENT_PROJECT_VERSION = 1;
				GENERATE_INFOPLIST_FILE = YES;
				INFOPLIST_FILE = "iOS (Extension)/Info.plist";
				INFOPLIST_KEY_CFBundleDisplayName = "Assistant Extension";
				INFOPLIST_KEY_NSHumanReadableCopyright = "";
				IPHONEOS_DEPLOYMENT_TARGET = 15.0;
				LD_RUNPATH_SEARCH_PATHS = (
					"$(inherited)",
					"@executable_path/Frameworks",
					"@executable_path/../../Frameworks",
				);
				MARKETING_VERSION = 1.0;
				OTHER_LDFLAGS = (
					"-framework",
					SafariServices,
				);
				PRODUCT_BUNDLE_IDENTIFIER = com.yourCompany.Assistant.Extension;
				PRODUCT_NAME = "Assistant Extension";
				SDKROOT = iphoneos;
				SKIP_INSTALL = YES;
				STRING_CATALOG_GENERATE_SYMBOLS = YES;
				SWIFT_APPROACHABLE_CONCURRENCY = YES;
				SWIFT_EMIT_LOC_STRINGS = YES;
				SWIFT_UPCOMING_FEATURE_MEMBER_IMPORT_VISIBILITY = YES;
				SWIFT_VERSION = 5.0;
				TARGETED_DEVICE_FAMILY = "1,2";
			};
			name = Debug;
		};
		182100E62F15AF2A00E3E0B0 /* Release */ = {
			isa = XCBuildConfiguration;
			buildSettings = {
				CODE_SIGN_STYLE = Automatic;
				CURRENT_PROJECT_VERSION = 1;
				GENERATE_INFOPLIST_FILE = YES;
				INFOPLIST_FILE = "iOS (Extension)/Info.plist";
				INFOPLIST_KEY_CFBundleDisplayName = "Assistant Extension";
				INFOPLIST_KEY_NSHumanReadableCopyright = "";
				IPHONEOS_DEPLOYMENT_TARGET = 15.0;
				LD_RUNPATH_SEARCH_PATHS = (
					"$(inherited)",
					"@executable_path/Frameworks",
					"@executable_path/../../Frameworks",
				);
				MARKETING_VERSION = 1.0;
				OTHER_LDFLAGS = (
					"-framework",
					SafariServices,
				);
				PRODUCT_BUNDLE_IDENTIFIER = com.yourCompany.Assistant.Extension;
				PRODUCT_NAME = "Assistant Extension";
				SDKROOT = iphoneos;
				SKIP_INSTALL = YES;
				STRING_CATALOG_GENERATE_SYMBOLS = YES;
				SWIFT_APPROACHABLE_CONCURRENCY = YES;
				SWIFT_EMIT_LOC_STRINGS = YES;
				SWIFT_UPCOMING_FEATURE_MEMBER_IMPORT_VISIBILITY = YES;
				SWIFT_VERSION = 5.0;
				TARGETED_DEVICE_FAMILY = "1,2";
				VALIDATE_PRODUCT = YES;
			};
			name = Release;
		};
		182100E92F15AF2A00E3E0B0 /* Debug */ = {
			isa = XCBuildConfiguration;
			buildSettings = {
				ASSETCATALOG_COMPILER_APPICON_NAME = AppIcon;
				ASSETCATALOG_COMPILER_GLOBAL_ACCENT_COLOR_NAME = AccentColor;
				CODE_SIGN_STYLE = Automatic;
				CURRENT_PROJECT_VERSION = 1;
				GENERATE_INFOPLIST_FILE = YES;
				INFOPLIST_FILE = "iOS (App)/Info.plist";
				INFOPLIST_KEY_CFBundleDisplayName = Assistant;
				INFOPLIST_KEY_UIApplicationSupportsIndirectInputEvents = YES;
				INFOPLIST_KEY_UILaunchStoryboardName = LaunchScreen;
				INFOPLIST_KEY_UIMainStoryboardFile = Main;
				INFOPLIST_KEY_UISupportedInterfaceOrientations = "UIInterfaceOrientationPortrait UIInterfaceOrientationLandscapeLeft UIInterfaceOrientationLandscapeRight";
				INFOPLIST_KEY_UISupportedInterfaceOrientations_iPad = "UIInterfaceOrientationPortrait UIInterfaceOrientationPortraitUpsideDown UIInterfaceOrientationLandscapeLeft UIInterfaceOrientationLandscapeRight";
				IPHONEOS_DEPLOYMENT_TARGET = 15.0;
				LD_RUNPATH_SEARCH_PATHS = (
					"$(inherited)",
					"@executable_path/Frameworks",
				);
				MARKETING_VERSION = 1.0;
				OTHER_LDFLAGS = (
					"-framework",
					SafariServices,
					"-framework",
					WebKit,
				);
				PRODUCT_BUNDLE_IDENTIFIER = com.yourCompany.Assistant;
				PRODUCT_NAME = Assistant;
				SDKROOT = iphoneos;
				STRING_CATALOG_GENERATE_SYMBOLS = YES;
				SWIFT_APPROACHABLE_CONCURRENCY = YES;
				SWIFT_DEFAULT_ACTOR_ISOLATION = MainActor;
				SWIFT_EMIT_LOC_STRINGS = YES;
				SWIFT_UPCOMING_FEATURE_MEMBER_IMPORT_VISIBILITY = YES;
				SWIFT_VERSION = 5.0;
				TARGETED_DEVICE_FAMILY = "1,2";
			};
			name = Debug;
		};
		182100EA2F15AF2A00E3E0B0 /* Release */ = {
			isa = XCBuildConfiguration;
			buildSettings = {
				ASSETCATALOG_COMPILER_APPICON_NAME = AppIcon;
				ASSETCATALOG_COMPILER_GLOBAL_ACCENT_COLOR_NAME = AccentColor;
				CODE_SIGN_STYLE = Automatic;
				CURRENT_PROJECT_VERSION = 1;
				GENERATE_INFOPLIST_FILE = YES;
				INFOPLIST_FILE = "iOS (App)/Info.plist";
				INFOPLIST_KEY_CFBundleDisplayName = Assistant;
				INFOPLIST_KEY_UIApplicationSupportsIndirectInputEvents = YES;
				INFOPLIST_KEY_UILaunchStoryboardName = LaunchScreen;
				INFOPLIST_KEY_UIMainStoryboardFile = Main;
				INFOPLIST_KEY_UISupportedInterfaceOrientations = "UIInterfaceOrientationPortrait UIInterfaceOrientationLandscapeLeft UIInterfaceOrientationLandscapeRight";
				INFOPLIST_KEY_UISupportedInterfaceOrientations_iPad = "UIInterfaceOrientationPortrait UIInterfaceOrientationPortraitUpsideDown UIInterfaceOrientationLandscapeLeft UIInterfaceOrientationLandscapeRight";
				IPHONEOS_DEPLOYMENT_TARGET = 15.0;
				LD_RUNPATH_SEARCH_PATHS = (
					"$(inherited)",
					"@executable_path/Frameworks",
				);
				MARKETING_VERSION = 1.0;
				OTHER_LDFLAGS = (
					"-framework",
					SafariServices,
					"-framework",
					WebKit,
				);
				PRODUCT_BUNDLE_IDENTIFIER = com.yourCompany.Assistant;
				PRODUCT_NAME = Assistant;
				SDKROOT = iphoneos;
				STRING_CATALOG_GENERATE_SYMBOLS = YES;
				SWIFT_APPROACHABLE_CONCURRENCY = YES;
				SWIFT_DEFAULT_ACTOR_ISOLATION = MainActor;
				SWIFT_EMIT_LOC_STRINGS = YES;
				SWIFT_UPCOMING_FEATURE_MEMBER_IMPORT_VISIBILITY = YES;
				SWIFT_VERSION = 5.0;
				TARGETED_DEVICE_FAMILY = "1,2";
				VALIDATE_PRODUCT = YES;
			};
			name = Release;
		};
		182100EC2F15AF2A00E3E0B0 /* Debug */ = {
			isa = XCBuildConfiguration;
			buildSettings = {
				CODE_SIGN_STYLE = Automatic;
				CURRENT_PROJECT_VERSION = 1;
				ENABLE_APP_SANDBOX = YES;
				ENABLE_HARDENED_RUNTIME = YES;
				ENABLE_USER_SELECTED_FILES = readonly;
				GENERATE_INFOPLIST_FILE = YES;
				INFOPLIST_FILE = "macOS (Extension)/Info.plist";
				INFOPLIST_KEY_CFBundleDisplayName = "Assistant Extension";
				INFOPLIST_KEY_NSHumanReadableCopyright = "";
				LD_RUNPATH_SEARCH_PATHS = (
					"$(inherited)",
					"@executable_path/../Frameworks",
					"@executable_path/../../../../Frameworks",
				);
				MACOSX_DEPLOYMENT_TARGET = 10.14;
				MARKETING_VERSION = 1.0;
				OTHER_LDFLAGS = (
					"-framework",
					SafariServices,
				);
				PRODUCT_BUNDLE_IDENTIFIER = com.yourCompany.Assistant.Extension;
				PRODUCT_NAME = "Assistant Extension";
				SDKROOT = macosx;
				SKIP_INSTALL = YES;
				STRING_CATALOG_GENERATE_SYMBOLS = YES;
				SWIFT_APPROACHABLE_CONCURRENCY = YES;
				SWIFT_EMIT_LOC_STRINGS = YES;
				SWIFT_UPCOMING_FEATURE_MEMBER_IMPORT_VISIBILITY = YES;
				SWIFT_VERSION = 5.0;
			};
			name = Debug;
		};
		182100ED2F15AF2A00E3E0B0 /* Release */ = {
			isa = XCBuildConfiguration;
			buildSettings = {
				CODE_SIGN_STYLE = Automatic;
				CURRENT_PROJECT_VERSION = 1;
				ENABLE_APP_SANDBOX = YES;
				ENABLE_HARDENED_RUNTIME = YES;
				ENABLE_USER_SELECTED_FILES = readonly;
				GENERATE_INFOPLIST_FILE = YES;
				INFOPLIST_FILE = "macOS (Extension)/Info.plist";
				INFOPLIST_KEY_CFBundleDisplayName = "Assistant Extension";
				INFOPLIST_KEY_NSHumanReadableCopyright = "";
				LD_RUNPATH_SEARCH_PATHS = (
					"$(inherited)",
					"@executable_path/../Frameworks",
					"@executable_path/../../../../Frameworks",
				);
				MACOSX_DEPLOYMENT_TARGET = 10.14;
				MARKETING_VERSION = 1.0;
				OTHER_LDFLAGS = (
					"-framework",
					SafariServices,
				);
				PRODUCT_BUNDLE_IDENTIFIER = com.yourCompany.Assistant.Extension;
				PRODUCT_NAME = "Assistant Extension";
				SDKROOT = macosx;
				SKIP_INSTALL = YES;
				STRING_CATALOG_GENERATE_SYMBOLS = YES;
				SWIFT_APPROACHABLE_CONCURRENCY = YES;
				SWIFT_EMIT_LOC_STRINGS = YES;
				SWIFT_UPCOMING_FEATURE_MEMBER_IMPORT_VISIBILITY = YES;
				SWIFT_VERSION = 5.0;
			};
			name = Release;
		};
		182100F02F15AF2A00E3E0B0 /* Debug */ = {
			isa = XCBuildConfiguration;
			buildSettings = {
				ASSETCATALOG_COMPILER_APPICON_NAME = AppIcon;
				ASSETCATALOG_COMPILER_GLOBAL_ACCENT_COLOR_NAME = AccentColor;
				CODE_SIGN_STYLE = Automatic;
				CURRENT_PROJECT_VERSION = 1;
				ENABLE_APP_SANDBOX = YES;
				ENABLE_HARDENED_RUNTIME = YES;
				ENABLE_OUTGOING_NETWORK_CONNECTIONS = YES;
				ENABLE_USER_SELECTED_FILES = readonly;
				GENERATE_INFOPLIST_FILE = YES;
				INFOPLIST_FILE = "macOS (App)/Info.plist";
				INFOPLIST_KEY_CFBundleDisplayName = Assistant;
				INFOPLIST_KEY_NSMainStoryboardFile = Main;
				INFOPLIST_KEY_NSPrincipalClass = NSApplication;
				LD_RUNPATH_SEARCH_PATHS = (
					"$(inherited)",
					"@executable_path/../Frameworks",
				);
				MACOSX_DEPLOYMENT_TARGET = 10.14;
				MARKETING_VERSION = 1.0;
				OTHER_LDFLAGS = (
					"-framework",
					SafariServices,
					"-framework",
					WebKit,
				);
				PRODUCT_BUNDLE_IDENTIFIER = com.yourCompany.Assistant;
				PRODUCT_NAME = Assistant;
				REGISTER_APP_GROUPS = YES;
				SDKROOT = macosx;
				STRING_CATALOG_GENERATE_SYMBOLS = YES;
				SWIFT_APPROACHABLE_CONCURRENCY = YES;
				SWIFT_DEFAULT_ACTOR_ISOLATION = MainActor;
				SWIFT_EMIT_LOC_STRINGS = YES;
				SWIFT_UPCOMING_FEATURE_MEMBER_IMPORT_VISIBILITY = YES;
				SWIFT_VERSION = 5.0;
			};
			name = Debug;
		};
		182100F12F15AF2A00E3E0B0 /* Release */ = {
			isa = XCBuildConfiguration;
			buildSettings = {
				ASSETCATALOG_COMPILER_APPICON_NAME = AppIcon;
				ASSETCATALOG_COMPILER_GLOBAL_ACCENT_COLOR_NAME = AccentColor;
				CODE_SIGN_STYLE = Automatic;
				CURRENT_PROJECT_VERSION = 1;
				ENABLE_APP_SANDBOX = YES;
				ENABLE_HARDENED_RUNTIME = YES;
				ENABLE_OUTGOING_NETWORK_CONNECTIONS = YES;
				ENABLE_USER_SELECTED_FILES = readonly;
				GENERATE_INFOPLIST_FILE = YES;
				INFOPLIST_FILE = "macOS (App)/Info.plist";
				INFOPLIST_KEY_CFBundleDisplayName = Assistant;
				INFOPLIST_KEY_NSMainStoryboardFile = Main;
				INFOPLIST_KEY_NSPrincipalClass = NSApplication;
				LD_RUNPATH_SEARCH_PATHS = (
					"$(inherited)",
					"@executable_path/../Frameworks",
				);
				MACOSX_DEPLOYMENT_TARGET = 10.14;
				MARKETING_VERSION = 1.0;
				OTHER_LDFLAGS = (
					"-framework",
					SafariServices,
					"-framework",
					WebKit,
				);
				PRODUCT_BUNDLE_IDENTIFIER = com.yourCompany.Assistant;
				PRODUCT_NAME = Assistant;
				REGISTER_APP_GROUPS = YES;
				SDKROOT = macosx;
				STRING_CATALOG_GENERATE_SYMBOLS = YES;
				SWIFT_APPROACHABLE_CONCURRENCY = YES;
				SWIFT_DEFAULT_ACTOR_ISOLATION = MainActor;
				SWIFT_EMIT_LOC_STRINGS = YES;
				SWIFT_UPCOMING_FEATURE_MEMBER_IMPORT_VISIBILITY = YES;
				SWIFT_VERSION = 5.0;
			};
			name = Release;
		};
/* End XCBuildConfiguration section */

/* Begin XCConfigurationList section */
		182100962F15AF2900E3E0B0 /* Build configuration list for PBXProject "Assistant" */ = {
			isa = XCConfigurationList;
			buildConfigurations = (
				182100E22F15AF2A00E3E0B0 /* Debug */,
				182100E32F15AF2A00E3E0B0 /* Release */,
			);
			defaultConfigurationIsVisible = 0;
			defaultConfigurationName = Release;
		};
		182100E42F15AF2A00E3E0B0 /* Build configuration list for PBXNativeTarget "Assistant Extension (iOS)" */ = {
			isa = XCConfigurationList;
			buildConfigurations = (
				182100E52F15AF2A00E3E0B0 /* Debug */,
				182100E62F15AF2A00E3E0B0 /* Release */,
			);
			defaultConfigurationIsVisible = 0;
			defaultConfigurationName = Release;
		};
		182100E82F15AF2A00E3E0B0 /* Build configuration list for PBXNativeTarget "Assistant (iOS)" */ = {
			isa = XCConfigurationList;
			buildConfigurations = (
				182100E92F15AF2A00E3E0B0 /* Debug */,
				182100EA2F15AF2A00E3E0B0 /* Release */,
			);
			defaultConfigurationIsVisible = 0;
			defaultConfigurationName = Release;
		};
		182100EB2F15AF2A00E3E0B0 /* Build configuration list for PBXNativeTarget "Assistant Extension (macOS)" */ = {
			isa = XCConfigurationList;
			buildConfigurations = (
				182100EC2F15AF2A00E3E0B0 /* Debug */,
				182100ED2F15AF2A00E3E0B0 /* Release */,
			);
			defaultConfigurationIsVisible = 0;
			defaultConfigurationName = Release;
		};
		182100EF2F15AF2A00E3E0B0 /* Build configuration list for PBXNativeTarget "Assistant (macOS)" */ = {
			isa = XCConfigurationList;
			buildConfigurations = (
				182100F02F15AF2A00E3E0B0 /* Debug */,
				182100F12F15AF2A00E3E0B0 /* Release */,
			);
			defaultConfigurationIsVisible = 0;
			defaultConfigurationName = Release;
		};
/* End XCConfigurationList section */
	};
	rootObject = 182100932F15AF2900E3E0B0 /* Project object */;
}
